
Microsoft Visual Studio Solution File, Format Version 12.00
# Visual Studio 15
VisualStudioVersion = 15.0.26430.16
MinimumVisualStudioVersion = 10.0.40219.1
Project("{2150E333-8FDC-42A3-9474-1A3956D46DE8}") = "CodeCakeBuilder", "CodeCakeBuilder", "{B4398CC3-580A-4B02-B972-9CE970EAD0D2}"
EndProject
Project("{FAE04EC0-301F-11D3-BF4B-00C04F79EFBC}") = "CodeCakeBuilder", "CodeCakeBuilder\CodeCakeBuilder.csproj", "{FD4817B6-3CD7-4E74-AA10-7CA95FDFCF2D}"
EndProject
Project("{2150E333-8FDC-42A3-9474-1A3956D46DE8}") = "Solution items", "Solution items", "{6F384325-2DEB-4AF2-AB0E-5A2D93CD0568}"
	ProjectSection(SolutionItems) = preProject
		.editorconfig = .editorconfig
		.gitignore = .gitignore
		appveyor.yml = appveyor.yml
		CONTRIBUTING.md = CONTRIBUTING.md
		LICENSE.md = LICENSE.md
		NuGet.config = NuGet.config
		README.md = README.md
		RepositoryInfo.xml = RepositoryInfo.xml
	EndProjectSection
EndProject
Project("{2150E333-8FDC-42A3-9474-1A3956D46DE8}") = "Tests", "Tests", "{08D6C3FD-3204-4214-A5C4-D714DB7FA790}"
EndProject
Project("{9A19103F-16F7-4668-BE54-9A1E7A4F7556}") = "CK.Monitoring.Tcp.Tests", "Tests\CK.Monitoring.Tcp.Tests\CK.Monitoring.Tcp.Tests.csproj", "{D327C3FF-8D79-42A5-9D15-52FE77C01986}"
EndProject
Project("{9A19103F-16F7-4668-BE54-9A1E7A4F7556}") = "CK.Monitoring.Tcp.Handler", "CK.Monitoring.Tcp.Handler\CK.Monitoring.Tcp.Handler.csproj", "{48BE0D8F-131B-462E-8135-743EE4369635}"
EndProject
Project("{FAE04EC0-301F-11D3-BF4B-00C04F79EFBC}") = "CK.Monitoring.Tcp.Server", "CK.Monitoring.Tcp.Server\CK.Monitoring.Tcp.Server.csproj", "{0894578D-C827-48B8-8D4C-93863B093857}"
EndProject
Project("{2150E333-8FDC-42A3-9474-1A3956D46DE8}") = "Demo", "Demo", "{EC0582DB-7B75-4C7F-BE4A-D97D5BBB0763}"
EndProject
Project("{FAE04EC0-301F-11D3-BF4B-00C04F79EFBC}") = "CK.Monitoring.Tcp.Handler.Demo", "Demo\CK.Monitoring.Tcp.Handler.Demo\CK.Monitoring.Tcp.Handler.Demo.csproj", "{2F9823B5-A8D0-4600-84E9-5D6237E432CD}"
EndProject
Project("{FAE04EC0-301F-11D3-BF4B-00C04F79EFBC}") = "CK.Monitoring.Tcp.Server.Demo", "Demo\CK.Monitoring.Tcp.Server.Demo\CK.Monitoring.Tcp.Server.Demo.csproj", "{104DD00E-EF42-45EB-8703-96F810D7EECD}"
EndProject
Global
	GlobalSection(SolutionConfigurationPlatforms) = preSolution
		Debug|Any CPU = Debug|Any CPU
		Release|Any CPU = Release|Any CPU
	EndGlobalSection
	GlobalSection(ProjectConfigurationPlatforms) = postSolution
		{FD4817B6-3CD7-4E74-AA10-7CA95FDFCF2D}.Debug|Any CPU.ActiveCfg = Debug|Any CPU
		{FD4817B6-3CD7-4E74-AA10-7CA95FDFCF2D}.Debug|Any CPU.Build.0 = Debug|Any CPU
		{FD4817B6-3CD7-4E74-AA10-7CA95FDFCF2D}.Release|Any CPU.ActiveCfg = Release|Any CPU
		{FD4817B6-3CD7-4E74-AA10-7CA95FDFCF2D}.Release|Any CPU.Build.0 = Release|Any CPU
		{D327C3FF-8D79-42A5-9D15-52FE77C01986}.Debug|Any CPU.ActiveCfg = Debug|Any CPU
		{D327C3FF-8D79-42A5-9D15-52FE77C01986}.Debug|Any CPU.Build.0 = Debug|Any CPU
		{D327C3FF-8D79-42A5-9D15-52FE77C01986}.Release|Any CPU.ActiveCfg = Release|Any CPU
		{D327C3FF-8D79-42A5-9D15-52FE77C01986}.Release|Any CPU.Build.0 = Release|Any CPU
		{48BE0D8F-131B-462E-8135-743EE4369635}.Debug|Any CPU.ActiveCfg = Debug|Any CPU
		{48BE0D8F-131B-462E-8135-743EE4369635}.Debug|Any CPU.Build.0 = Debug|Any CPU
		{48BE0D8F-131B-462E-8135-743EE4369635}.Release|Any CPU.ActiveCfg = Release|Any CPU
		{48BE0D8F-131B-462E-8135-743EE4369635}.Release|Any CPU.Build.0 = Release|Any CPU
		{0894578D-C827-48B8-8D4C-93863B093857}.Debug|Any CPU.ActiveCfg = Debug|Any CPU
		{0894578D-C827-48B8-8D4C-93863B093857}.Debug|Any CPU.Build.0 = Debug|Any CPU
		{0894578D-C827-48B8-8D4C-93863B093857}.Release|Any CPU.ActiveCfg = Release|Any CPU
		{0894578D-C827-48B8-8D4C-93863B093857}.Release|Any CPU.Build.0 = Release|Any CPU
		{2F9823B5-A8D0-4600-84E9-5D6237E432CD}.Debug|Any CPU.ActiveCfg = Debug|Any CPU
		{2F9823B5-A8D0-4600-84E9-5D6237E432CD}.Debug|Any CPU.Build.0 = Debug|Any CPU
		{2F9823B5-A8D0-4600-84E9-5D6237E432CD}.Release|Any CPU.ActiveCfg = Release|Any CPU
		{2F9823B5-A8D0-4600-84E9-5D6237E432CD}.Release|Any CPU.Build.0 = Release|Any CPU
		{104DD00E-EF42-45EB-8703-96F810D7EECD}.Debug|Any CPU.ActiveCfg = Debug|Any CPU
		{104DD00E-EF42-45EB-8703-96F810D7EECD}.Debug|Any CPU.Build.0 = Debug|Any CPU
		{104DD00E-EF42-45EB-8703-96F810D7EECD}.Release|Any CPU.ActiveCfg = Release|Any CPU
		{104DD00E-EF42-45EB-8703-96F810D7EECD}.Release|Any CPU.Build.0 = Release|Any CPU
	EndGlobalSection
	GlobalSection(SolutionProperties) = preSolution
		HideSolutionNode = FALSE
	EndGlobalSection
	GlobalSection(NestedProjects) = preSolution
		{FD4817B6-3CD7-4E74-AA10-7CA95FDFCF2D} = {B4398CC3-580A-4B02-B972-9CE970EAD0D2}
		{D327C3FF-8D79-42A5-9D15-52FE77C01986} = {08D6C3FD-3204-4214-A5C4-D714DB7FA790}
		{2F9823B5-A8D0-4600-84E9-5D6237E432CD} = {EC0582DB-7B75-4C7F-BE4A-D97D5BBB0763}
		{104DD00E-EF42-45EB-8703-96F810D7EECD} = {EC0582DB-7B75-4C7F-BE4A-D97D5BBB0763}
	EndGlobalSection
	GlobalSection(ExtensibilityGlobals) = postSolution
		SolutionGuid = {EED16761-55C6-47F3-822B-E498C88DE318}
	EndGlobalSection
EndGlobal
